{
  "name": "deplace",
  "version": "1.2.2",
  "lockfileVersion": 1,
  "requires": true,
  "dependencies": {
    "ansi-regex": {
      "version": "3.0.0",
      "resolved": "https://registry.npmjs.org/ansi-regex/-/ansi-regex-3.0.0.tgz",
      "integrity": "sha1-7QMXwyIGT3lGbAKWa922Bas32Zg="
    },
    "astral-regex": {
      "version": "1.0.0",
      "resolved": "https://registry.npmjs.org/astral-regex/-/astral-regex-1.0.0.tgz",
      "integrity": "sha512-+Ryf6g3BKoRc7jfp7ad8tM4TtMiaWvbF/1/sQcZPkkS7ag3D5nMBCe2UfOTONtAkaG0tO0ij3C5Lwmf1EiyjHg=="
    },
    "axios": {
      "version": "0.18.0",
      "resolved": "https://registry.npmjs.org/axios/-/axios-0.18.0.tgz",
      "integrity": "sha1-MtU+SFHv3AoRmTts0AB4nXDAUQI=",
      "requires": {
        "follow-redirects": "^1.3.0",
        "is-buffer": "^1.1.5"
      }
    },
    "cosmetic": {
      "version": "1.1.1",
      "resolved": "https://registry.npmjs.org/cosmetic/-/cosmetic-1.1.1.tgz",
      "integrity": "sha512-JG2xp0ltrxNj7z422xoNsZvSZGGptywN9fBsfCj9lSCcWIYvpNax5K2mp8SsdNRwE3Eg+OeTCp2Y3fyl5vXQVg=="
    },
    "debug": {
      "version": "3.2.6",
      "resolved": "https://registry.npmjs.org/debug/-/debug-3.2.6.tgz",
      "integrity": "sha512-mel+jf7nrtEl5Pn1Qx46zARXKDpBbvzezse7p7LqINmdoIk8PYP5SySaxEmYv6TZ0JyEKA1hsCId6DIhgITtWQ==",
      "requires": {
        "ms": "^2.1.1"
      }
    },
    "emporium": {
      "version": "2.7.0",
      "resolved": "https://registry.npmjs.org/emporium/-/emporium-2.7.0.tgz",
      "integrity": "sha512-CCyIK/Qv0Ap5NlPYIdn2Wls3lQSdqJ3ba5fnLU/EROZVMAS6+LwzPfig7C4qT7NbOeKW5qCHGblf0NLLFNGkQg==",
      "requires": {
        "axios": "^0.18.0"
      }
    },
    "follow-redirects": {
      "version": "1.7.0",
      "resolved": "https://registry.npmjs.org/follow-redirects/-/follow-redirects-1.7.0.tgz",
      "integrity": "sha512-m/pZQy4Gj287eNy94nivy5wchN3Kp+Q5WgUPNy5lJSZ3sgkVKSYV/ZChMAQVIgx1SqfZ2zBZtPA2YlXIWxxJOQ==",
      "requires": {
        "debug": "^3.2.6"
      }
    },
    "is-buffer": {
      "version": "1.1.6",
      "resolved": "https://registry.npmjs.org/is-buffer/-/is-buffer-1.1.6.tgz",
      "integrity": "sha512-NcdALwpXkTm5Zvvbk7owOUSvVvBKDgKP5/ewfXEznmQFfs4ZRmanOeKBTjRVjka3QFoN6XJ+9F3USqfHqTaU5w=="
    },
    "json-emporium": {
      "version": "0.0.2",
      "resolved": "https://registry.npmjs.org/json-emporium/-/json-emporium-0.0.2.tgz",
      "integrity": "sha512-VlTnTO6upaMcfyl4Xks1Cb6u5qyh/nKygfDY5bPlmeLsLobsVYc9M6a4UJa6Fe8A9H1O5XFKRweDgXqz9yPo5A==",
      "requires": {
        "emporium": "^2.5.19"
      }
    },
    "ms": {
      "version": "2.1.1",
      "resolved": "https://registry.npmjs.org/ms/-/ms-2.1.1.tgz",
      "integrity": "sha512-tgp+dl5cGk28utYktBsrFqA7HKgrhgPsg6Z/EfhWI4gl1Hwq8B/GmY/0oXZ6nF8hDVesS/FpnYaD/kOWhYQvyg=="
    },
    "string-length": {
      "version": "2.0.0",
      "resolved": "https://registry.npmjs.org/string-length/-/string-length-2.0.0.tgz",
      "integrity": "sha1-1A27aGo6zpYMHP/KVivyxF+DY+0=",
      "requires": {
        "astral-regex": "^1.0.0",
        "strip-ansi": "^4.0.0"
      }
    },
    "strip-ansi": {
      "version": "4.0.0",
      "resolved": "https://registry.npmjs.org/strip-ansi/-/strip-ansi-4.0.0.tgz",
      "integrity": "sha1-qEeQIusaw2iocTibY1JixQXuNo8=",
      "requires": {
        "ansi-regex": "^3.0.0"
      }
    },
    "termkit": {
      "version": "1.4.5",
      "resolved": "https://registry.npmjs.org/termkit/-/termkit-1.4.5.tgz",
      "integrity": "sha512-sq0Ynq5T7r6ph/Ljt8660EbIXPN28Z0TPdNxCLz/UbGGVtcoVw2vFOebgYaqH5N/DYsKw6n0dw7aEM00XYJGWg==",
      "requires": {
        "cosmetic": "^1.1.1"
      }
    },
    "uuid": {
      "version": "3.3.2",
      "resolved": "https://registry.npmjs.org/uuid/-/uuid-3.3.2.tgz",
      "integrity": "sha512-yXJmeNaw3DnnKAOKJE51sL/ZaYfWJRl1pK9dr19YFCu0ObS231AB1/LbqTKRAQ5kw8A90rA6fr4riOUpTZvQZA=="
    }
  }
}
